{
  "name": "empty-project-template",
  "requires": true,
  "lockfileVersion": 1,
  "dependencies": {
    "expokit": {
      "version": "1.7.1",
      "resolved": "https://registry.npmjs.org/expokit/-/expokit-1.7.1.tgz",
      "integrity": "sha512-0VGuMjDsSfk+RlJ1YG41JedHV4X/2S/EESkhBtEZoyslSyf8HGKhb/vMkmpnF4nXHVSctdVUjYJvcB39nxMdMg=="
    }
  }
}
